// !$*UTF8*$!
{
	archiveVersion = 1;
	classes = {
	};
	objectVersion = 46;
	objects = {

/* Begin PBXBuildFile section */
		2750F3EE1E67AD7C003DE101 /* SettingsViewController.swift in Sources */ = {isa = PBXBuildFile; fileRef = 2750F3ED1E67AD7C003DE101 /* SettingsViewController.swift */; };
		27DEFA6A1E678076009B0D54 /* AppDelegate.swift in Sources */ = {isa = PBXBuildFile; fileRef = 27DEFA691E678076009B0D54 /* AppDelegate.swift */; };
		27DEFA6C1E678076009B0D54 /* ViewController.swift in Sources */ = {isa = PBXBuildFile; fileRef = 27DEFA6B1E678076009B0D54 /* ViewController.swift */; };
		27DEFA6F1E678076009B0D54 /* Main.storyboard in Resources */ = {isa = PBXBuildFile; fileRef = 27DEFA6D1E678076009B0D54 /* Main.storyboard */; };
		27DEFA711E678076009B0D54 /* Assets.xcassets in Resources */ = {isa = PBXBuildFile; fileRef = 27DEFA701E678076009B0D54 /* Assets.xcassets */; };
		27DEFA741E678076009B0D54 /* LaunchScreen.storyboard in Resources */ = {isa = PBXBuildFile; fileRef = 27DEFA721E678076009B0D54 /* LaunchScreen.storyboard */; };
		27DEFA7F1E678076009B0D54 /* TipCalcTests.swift in Sources */ = {isa = PBXBuildFile; fileRef = 27DEFA7E1E678076009B0D54 /* TipCalcTests.swift */; };
		27DEFA8A1E678077009B0D54 /* TipCalcUITests.swift in Sources */ = {isa = PBXBuildFile; fileRef = 27DEFA891E678077009B0D54 /* TipCalcUITests.swift */; };
/* End PBXBuildFile section */

/* Begin PBXContainerItemProxy section */
		27DEFA7B1E678076009B0D54 /* PBXContainerItemProxy */ = {
			isa = PBXContainerItemProxy;
			containerPortal = 27DEFA5E1E678076009B0D54 /* Project object */;
			proxyType = 1;
			remoteGlobalIDString = 27DEFA651E678076009B0D54;
			remoteInfo = TipCalc;
		};
		27DEFA861E678077009B0D54 /* PBXContainerItemProxy */ = {
			isa = PBXContainerItemProxy;
			containerPortal = 27DEFA5E1E678076009B0D54 /* Project object */;
			proxyType = 1;
			remoteGlobalIDString = 27DEFA651E678076009B0D54;
			remoteInfo = TipCalc;
		};
/* End PBXContainerItemProxy section */

/* Begin PBXFileReference section */
		2750F3ED1E67AD7C003DE101 /* SettingsViewController.swift */ = {isa = PBXFileReference; fileEncoding = 4; lastKnownFileType = sourcecode.swift; path = SettingsViewController.swift; sourceTree = "<group>"; };
		27DEFA661E678076009B0D54 /* TipCalc.app */ = {isa = PBXFileReference; explicitFileType = wrapper.application; includeInIndex = 0; path = TipCalc.app; sourceTree = BUILT_PRODUCTS_DIR; };
		27DEFA691E678076009B0D54 /* AppDelegate.swift */ = {isa = PBXFileReference; lastKnownFileType = sourcecode.swift; path = AppDelegate.swift; sourceTree = "<group>"; };
		27DEFA6B1E678076009B0D54 /* ViewController.swift */ = {isa = PBXFileReference; lastKnownFileType = sourcecode.swift; path = ViewController.swift; sourceTree = "<group>"; };
		27DEFA6E1E678076009B0D54 /* Base */ = {isa = PBXFileReference; lastKnownFileType = file.storyboard; name = Base; path = Base.lproj/Main.storyboard; sourceTree = "<group>"; };
		27DEFA701E678076009B0D54 /* Assets.xcassets */ = {isa = PBXFileReference; lastKnownFileType = folder.assetcatalog; path = Assets.xcassets; sourceTree = "<group>"; };
		27DEFA731E678076009B0D54 /* Base */ = {isa = PBXFileReference; lastKnownFileType = file.storyboard; name = Base; path = Base.lproj/LaunchScreen.storyboard; sourceTree = "<group>"; };
		27DEFA751E678076009B0D54 /* Info.plist */ = {isa = PBXFileReference; lastKnownFileType = text.plist.xml; path = Info.plist; sourceTree = "<group>"; };
		27DEFA7A1E678076009B0D54 /* TipCalcTests.xctest */ = {isa = PBXFileReference; explicitFileType = wrapper.cfbundle; includeInIndex = 0; path = TipCalcTests.xctest; sourceTree = BUILT_PRODUCTS_DIR; };
		27DEFA7E1E678076009B0D54 /* TipCalcTests.swift */ = {isa = PBXFileReference; lastKnownFileType = sourcecode.swift; path = TipCalcTests.swift; sourceTree = "<group>"; };
		27DEFA801E678076009B0D54 /* Info.plist */ = {isa = PBXFileReference; lastKnownFileType = text.plist.xml; path = Info.plist; sourceTree = "<group>"; };
		27DEFA851E678077009B0D54 /* TipCalcUITests.xctest */ = {isa = PBXFileReference; explicitFileType = wrapper.cfbundle; includeInIndex = 0; path = TipCalcUITests.xctest; sourceTree = BUILT_PRODUCTS_DIR; };
		27DEFA891E678077009B0D54 /* TipCalcUITests.swift */ = {isa = PBXFileReference; lastKnownFileType = sourcecode.swift; path = TipCalcUITests.swift; sourceTree = "<group>"; };
		27DEFA8B1E678077009B0D54 /* Info.plist */ = {isa = PBXFileReference; lastKnownFileType = text.plist.xml; path = Info.plist; sourceTree = "<group>"; };
/* End PBXFileReference section */

/* Begin PBXFrameworksBuildPhase section */
		27DEFA631E678076009B0D54 /* Frameworks */ = {
			isa = PBXFrameworksBuildPhase;
			buildActionMask = 2147483647;
			files = (
			);
			runOnlyForDeploymentPostprocessing = 0;
		};
		27DEFA771E678076009B0D54 /* Frameworks */ = {
			isa = PBXFrameworksBuildPhase;
			buildActionMask = 2147483647;
			files = (
			);
			runOnlyForDeploymentPostprocessing = 0;
		};
		27DEFA821E678077009B0D54 /* Frameworks */ = {
			isa = PBXFrameworksBuildPhase;
			buildActionMask = 2147483647;
			files = (
			);
			runOnlyForDeploymentPostprocessing = 0;
		};
/* End PBXFrameworksBuildPhase section */

/* Begin PBXGroup section */
		27DEFA5D1E678076009B0D54 = {
			isa = PBXGroup;
			children = (
				2750F3ED1E67AD7C003DE101 /* SettingsViewController.swift */,
				27DEFA681E678076009B0D54 /* TipCalc */,
				27DEFA7D1E678076009B0D54 /* TipCalcTests */,
				27DEFA881E678077009B0D54 /* TipCalcUITests */,
				27DEFA671E678076009B0D54 /* Products */,
			);
			sourceTree = "<group>";
		};
		27DEFA671E678076009B0D54 /* Products */ = {
			isa = PBXGroup;
			children = (
				27DEFA661E678076009B0D54 /* TipCalc.app */,
				27DEFA7A1E678076009B0D54 /* TipCalcTests.xctest */,
				27DEFA851E678077009B0D54 /* TipCalcUITests.xctest */,
			);
			name = Products;
			sourceTree = "<group>";
		};
		27DEFA681E678076009B0D54 /* TipCalc */ = {
			isa = PBXGroup;
			children = (
				27DEFA691E678076009B0D54 /* AppDelegate.swift */,
				27DEFA6B1E678076009B0D54 /* ViewController.swift */,
				27DEFA6D1E678076009B0D54 /* Main.storyboard */,
				27DEFA701E678076009B0D54 /* Assets.xcassets */,
				27DEFA721E678076009B0D54 /* LaunchScreen.storyboard */,
				27DEFA751E678076009B0D54 /* Info.plist */,
			);
			path = TipCalc;
			sourceTree = "<group>";
		};
		27DEFA7D1E678076009B0D54 /* TipCalcTests */ = {
			isa = PBXGroup;
			children = (
				27DEFA7E1E678076009B0D54 /* TipCalcTests.swift */,
				27DEFA801E678076009B0D54 /* Info.plist */,
			);
			path = TipCalcTests;
			sourceTree = "<group>";
		};
		27DEFA881E678077009B0D54 /* TipCalcUITests */ = {
			isa = PBXGroup;
			children = (
				27DEFA891E678077009B0D54 /* TipCalcUITests.swift */,
				27DEFA8B1E678077009B0D54 /* Info.plist */,
			);
			path = TipCalcUITests;
			sourceTree = "<group>";
		};
/* End PBXGroup section */

/* Begin PBXNativeTarget section */
		27DEFA651E678076009B0D54 /* TipCalc */ = {
			isa = PBXNativeTarget;
			buildConfigurationList = 27DEFA8E1E678077009B0D54 /* Build configuration list for PBXNativeTarget "TipCalc" */;
			buildPhases = (
				27DEFA621E678076009B0D54 /* Sources */,
				27DEFA631E678076009B0D54 /* Frameworks */,
				27DEFA641E678076009B0D54 /* Resources */,
			);
			buildRules = (
			);
			dependencies = (
			);
			name = TipCalc;
			productName = TipCalc;
			productReference = 27DEFA661E678076009B0D54 /* TipCalc.app */;
			productType = "com.apple.product-type.application";
		};
		27DEFA791E678076009B0D54 /* TipCalcTests */ = {
			isa = PBXNativeTarget;
			buildConfigurationList = 27DEFA911E678077009B0D54 /* Build configuration list for PBXNativeTarget "TipCalcTests" */;
			buildPhases = (
				27DEFA761E678076009B0D54 /* Sources */,
				27DEFA771E678076009B0D54 /* Frameworks */,
				27DEFA781E678076009B0D54 /* Resources */,
			);
			buildRules = (
			);
			dependencies = (
				27DEFA7C1E678076009B0D54 /* PBXTargetDependency */,
			);
			name = TipCalcTests;
			productName = TipCalcTests;
			productReference = 27DEFA7A1E678076009B0D54 /* TipCalcTests.xctest */;
			productType = "com.apple.product-type.bundle.unit-test";
		};
		27DEFA841E678077009B0D54 /* TipCalcUITests */ = {
			isa = PBXNativeTarget;
			buildConfigurationList = 27DEFA941E678077009B0D54 /* Build configuration list for PBXNativeTarget "TipCalcUITests" */;
			buildPhases = (
				27DEFA811E678077009B0D54 /* Sources */,
				27DEFA821E678077009B0D54 /* Frameworks */,
				27DEFA831E678077009B0D54 /* Resources */,
			);
			buildRules = (
			);
			dependencies = (
				27DEFA871E678077009B0D54 /* PBXTargetDependency */,
			);
			name = TipCalcUITests;
			productName = TipCalcUITests;
			productReference = 27DEFA851E678077009B0D54 /* TipCalcUITests.xctest */;
			productType = "com.apple.product-type.bundle.ui-testing";
		};
/* End PBXNativeTarget section */

/* Begin PBXProject section */
		27DEFA5E1E678076009B0D54 /* Project object */ = {
			isa = PBXProject;
			attributes = {
				LastSwiftUpdateCheck = 0820;
				LastUpgradeCheck = 0820;
				ORGANIZATIONNAME = "Nicholas Pease";
				TargetAttributes = {
					27DEFA651E678076009B0D54 = {
						CreatedOnToolsVersion = 8.2.1;
						ProvisioningStyle = Automatic;
					};
					27DEFA791E678076009B0D54 = {
						CreatedOnToolsVersion = 8.2.1;
						ProvisioningStyle = Automatic;
						TestTargetID = 27DEFA651E678076009B0D54;
					};
					27DEFA841E678077009B0D54 = {
						CreatedOnToolsVersion = 8.2.1;
						ProvisioningStyle = Automatic;
						TestTargetID = 27DEFA651E678076009B0D54;
					};
				};
			};
			buildConfigurationList = 27DEFA611E678076009B0D54 /* Build configuration list for PBXProject "TipCalc" */;
			compatibilityVersion = "Xcode 3.2";
			developmentRegion = English;
			hasScannedForEncodings = 0;
			knownRegions = (
				en,
				Base,
			);
			mainGroup = 27DEFA5D1E678076009B0D54;
			productRefGroup = 27DEFA671E678076009B0D54 /* Products */;
			projectDirPath = "";
			projectRoot = "";
			targets = (
				27DEFA651E678076009B0D54 /* TipCalc */,
				27DEFA791E678076009B0D54 /* TipCalcTests */,
				27DEFA841E678077009B0D54 /* TipCalcUITests */,
			);
		};
/* End PBXProject section */

/* Begin PBXResourcesBuildPhase section */
		27DEFA641E678076009B0D54 /* Resources */ = {
			isa = PBXResourcesBuildPhase;
			buildActionMask = 2147483647;
			files = (
				27DEFA741E678076009B0D54 /* LaunchScreen.storyboard in Resources */,
				27DEFA711E678076009B0D54 /* Assets.xcassets in Resources */,
				27DEFA6F1E678076009B0D54 /* Main.storyboard in Resources */,
			);
			runOnlyForDeploymentPostprocessing = 0;
		};
		27DEFA781E678076009B0D54 /* Resources */ = {
			isa = PBXResourcesBuildPhase;
			buildActionMask = 2147483647;
			files = (
			);
			runOnlyForDeploymentPostprocessing = 0;
		};
		27DEFA831E678077009B0D54 /* Resources */ = {
			isa = PBXResourcesBuildPhase;
			buildActionMask = 2147483647;
			files = (
			);
			runOnlyForDeploymentPostprocessing = 0;
		};
/* End PBXResourcesBuildPhase section */

/* Begin PBXSourcesBuildPhase section */
		27DEFA621E678076009B0D54 /* Sources */ = {
			isa = PBXSourcesBuildPhase;
			buildActionMask = 2147483647;
			files = (
				27DEFA6C1E678076009B0D54 /* ViewController.swift in Sources */,
				27DEFA6A1E678076009B0D54 /* AppDelegate.swift in Sources */,
				2750F3EE1E67AD7C003DE101 /* SettingsViewController.swift in Sources */,
			);
			runOnlyForDeploymentPostprocessing = 0;
		};
		27DEFA761E678076009B0D54 /* Sources */ = {
			isa = PBXSourcesBuildPhase;
			buildActionMask = 2147483647;
			files = (
				27DEFA7F1E678076009B0D54 /* TipCalcTests.swift in Sources */,
			);
			runOnlyForDeploymentPostprocessing = 0;
		};
		27DEFA811E678077009B0D54 /* Sources */ = {
			isa = PBXSourcesBuildPhase;
			buildActionMask = 2147483647;
			files = (
				27DEFA8A1E678077009B0D54 /* TipCalcUITests.swift in Sources */,
			);
			runOnlyForDeploymentPostprocessing = 0;
		};
/* End PBXSourcesBuildPhase section */

/* Begin PBXTargetDependency section */
		27DEFA7C1E678076009B0D54 /* PBXTargetDependency */ = {
			isa = PBXTargetDependency;
			target = 27DEFA651E678076009B0D54 /* TipCalc */;
			targetProxy = 27DEFA7B1E678076009B0D54 /* PBXContainerItemProxy */;
		};
		27DEFA871E678077009B0D54 /* PBXTargetDependency */ = {
			isa = PBXTargetDependency;
			target = 27DEFA651E678076009B0D54 /* TipCalc */;
			targetProxy = 27DEFA861E678077009B0D54 /* PBXContainerItemProxy */;
		};
/* End PBXTargetDependency section */

/* Begin PBXVariantGroup section */
		27DEFA6D1E678076009B0D54 /* Main.storyboard */ = {
			isa = PBXVariantGroup;
			children = (
				27DEFA6E1E678076009B0D54 /* Base */,
			);
			name = Main.storyboard;
			sourceTree = "<group>";
		};
		27DEFA721E678076009B0D54 /* LaunchScreen.storyboard */ = {
			isa = PBXVariantGroup;
			children = (
				27DEFA731E678076009B0D54 /* Base */,
			);
			name = LaunchScreen.storyboard;
			sourceTree = "<group>";
		};
/* End PBXVariantGroup section */

/* Begin XCBuildConfiguration section */
		27DEFA8C1E678077009B0D54 /* Debug */ = {
			isa = XCBuildConfiguration;
			buildSettings = {
				ALWAYS_SEARCH_USER_PATHS = NO;
				CLANG_ANALYZER_NONNULL = YES;
				CLANG_CXX_LANGUAGE_STANDARD = "gnu++0x";
				CLANG_CXX_LIBRARY = "libc++";
				CLANG_ENABLE_MODULES = YES;
				CLANG_ENABLE_OBJC_ARC = YES;
				CLANG_WARN_BOOL_CONVERSION = YES;
				CLANG_WARN_CONSTANT_CONVERSION = YES;
				CLANG_WARN_DIRECT_OBJC_ISA_USAGE = YES_ERROR;
				CLANG_WARN_DOCUMENTATION_COMMENTS = YES;
				CLANG_WARN_EMPTY_BODY = YES;
				CLANG_WARN_ENUM_CONVERSION = YES;
				CLANG_WARN_INFINITE_RECURSION = YES;
				CLANG_WARN_INT_CONVERSION = YES;
				CLANG_WARN_OBJC_ROOT_CLASS = YES_ERROR;
				CLANG_WARN_SUSPICIOUS_MOVE = YES;
				CLANG_WARN_UNREACHABLE_CODE = YES;
				CLANG_WARN__DUPLICATE_METHOD_MATCH = YES;
				"CODE_SIGN_IDENTITY[sdk=iphoneos*]" = "iPhone Developer";
				COPY_PHASE_STRIP = NO;
				DEBUG_INFORMATION_FORMAT = dwarf;
				ENABLE_STRICT_OBJC_MSGSEND = YES;
				ENABLE_TESTABILITY = YES;
				GCC_C_LANGUAGE_STANDARD = gnu99;
				GCC_DYNAMIC_NO_PIC = NO;
				GCC_NO_COMMON_BLOCKS = YES;
				GCC_OPTIMIZATION_LEVEL = 0;
				GCC_PREPROCESSOR_DEFINITIONS = (
					"DEBUG=1",
					"$(inherited)",
				);
				GCC_WARN_64_TO_32_BIT_CONVERSION = YES;
				GCC_WARN_ABOUT_RETURN_TYPE = YES_ERROR;
				GCC_WARN_UNDECLARED_SELECTOR = YES;
				GCC_WARN_UNINITIALIZED_AUTOS = YES_AGGRESSIVE;
				GCC_WARN_UNUSED_FUNCTION = YES;
				GCC_WARN_UNUSED_VARIABLE = YES;
				IPHONEOS_DEPLOYMENT_TARGET = 10.2;
				MTL_ENABLE_DEBUG_INFO = YES;
				ONLY_ACTIVE_ARCH = YES;
				SDKROOT = iphoneos;
				SWIFT_ACTIVE_COMPILATION_CONDITIONS = DEBUG;
				SWIFT_OPTIMIZATION_LEVEL = "-Onone";
			};
			name = Debug;
		};
		27DEFA8D1E678077009B0D54 /* Release */ = {
			isa = XCBuildConfiguration;
			buildSettings = {
				ALWAYS_SEARCH_USER_PATHS = NO;
				CLANG_ANALYZER_NONNULL = YES;
				CLANG_CXX_LANGUAGE_STANDARD = "gnu++0x";
				CLANG_CXX_LIBRARY = "libc++";
				CLANG_ENABLE_MODULES = YES;
				CLANG_ENABLE_OBJC_ARC = YES;
				CLANG_WARN_BOOL_CONVERSION = YES;
				CLANG_WARN_CONSTANT_CONVERSION = YES;
				CLANG_WARN_DIRECT_OBJC_ISA_USAGE = YES_ERROR;
				CLANG_WARN_DOCUMENTATION_COMMENTS = YES;
				CLANG_WARN_EMPTY_BODY = YES;
				CLANG_WARN_ENUM_CONVERSION = YES;
				CLANG_WARN_INFINITE_RECURSION = YES;
				CLANG_WARN_INT_CONVERSION = YES;
				CLANG_WARN_OBJC_ROOT_CLASS = YES_ERROR;
				CLANG_WARN_SUSPICIOUS_MOVE = YES;
				CLANG_WARN_UNREACHABLE_CODE = YES;
				CLANG_WARN__DUPLICATE_METHOD_MATCH = YES;
				"CODE_SIGN_IDENTITY[sdk=iphoneos*]" = "iPhone Developer";
				COPY_PHASE_STRIP = NO;
				DEBUG_INFORMATION_FORMAT = "dwarf-with-dsym";
				ENABLE_NS_ASSERTIONS = NO;
				ENABLE_STRICT_OBJC_MSGSEND = YES;
				GCC_C_LANGUAGE_STANDARD = gnu99;
				GCC_NO_COMMON_BLOCKS = YES;
				GCC_WARN_64_TO_32_BIT_CONVERSION = YES;
				GCC_WARN_ABOUT_RETURN_TYPE = YES_ERROR;
				GCC_WARN_UNDECLARED_SELECTOR = YES;
				GCC_WARN_UNINITIALIZED_AUTOS = YES_AGGRESSIVE;
				GCC_WARN_UNUSED_FUNCTION = YES;
				GCC_WARN_UNUSED_VARIABLE = YES;
				IPHONEOS_DEPLOYMENT_TARGET = 10.2;
				MTL_ENABLE_DEBUG_INFO = NO;
				SDKROOT = iphoneos;
				SWIFT_OPTIMIZATION_LEVEL = "-Owholemodule";
				VALIDATE_PRODUCT = YES;
			};
			name = Release;
		};
		27DEFA8F1E678077009B0D54 /* Debug */ = {
			isa = XCBuildConfiguration;
			buildSettings = {
				ASSETCATALOG_COMPILER_APPICON_NAME = AppIcon;
				INFOPLIST_FILE = TipCalc/Info.plist;
				LD_RUNPATH_SEARCH_PATHS = "$(inherited) @executable_path/Frameworks";
				PRODUCT_BUNDLE_IDENTIFIER = Nick.TipCalc;
				PRODUCT_NAME = "$(TARGET_NAME)";
				SWIFT_VERSION = 3.0;
			};
			name = Debug;
		};
		27DEFA901E678077009B0D54 /* Release */ = {
			isa = XCBuildConfiguration;
			buildSettings = {
				ASSETCATALOG_COMPILER_APPICON_NAME = AppIcon;
				INFOPLIST_FILE = TipCalc/Info.plist;
				LD_RUNPATH_SEARCH_PATHS = "$(inherited) @executable_path/Frameworks";
				PRODUCT_BUNDLE_IDENTIFIER = Nick.TipCalc;
				PRODUCT_NAME = "$(TARGET_NAME)";
				SWIFT_VERSION = 3.0;
			};
			name = Release;
		};
		27DEFA921E678077009B0D54 /* Debug */ = {
			isa = XCBuildConfiguration;
			buildSettings = {
				ALWAYS_EMBED_SWIFT_STANDARD_LIBRARIES = YES;
				BUNDLE_LOADER = "$(TEST_HOST)";
				INFOPLIST_FILE = TipCalcTests/Info.plist;
				LD_RUNPATH_SEARCH_PATHS = "$(inherited) @executable_path/Frameworks @loader_path/Frameworks";
				PRODUCT_BUNDLE_IDENTIFIER = Nick.TipCalcTests;
				PRODUCT_NAME = "$(TARGET_NAME)";
				SWIFT_VERSION = 3.0;
				TEST_HOST = "$(BUILT_PRODUCTS_DIR)/TipCalc.app/TipCalc";
			};
			name = Debug;
		};
		27DEFA931E678077009B0D54 /* Release */ = {
			isa = XCBuildConfiguration;
			buildSettings = {
				ALWAYS_EMBED_SWIFT_STANDARD_LIBRARIES = YES;
				BUNDLE_LOADER = "$(TEST_HOST)";
				INFOPLIST_FILE = TipCalcTests/Info.plist;
				LD_RUNPATH_SEARCH_PATHS = "$(inherited) @executable_path/Frameworks @loader_path/Frameworks";
				PRODUCT_BUNDLE_IDENTIFIER = Nick.TipCalcTests;
				PRODUCT_NAME = "$(TARGET_NAME)";
				SWIFT_VERSION = 3.0;
				TEST_HOST = "$(BUILT_PRODUCTS_DIR)/TipCalc.app/TipCalc";
			};
			name = Release;
		};
		27DEFA951E678077009B0D54 /* Debug */ = {
			isa = XCBuildConfiguration;
			buildSettings = {
				ALWAYS_EMBED_SWIFT_STANDARD_LIBRARIES = YES;
				INFOPLIST_FILE = TipCalcUITests/Info.plist;
				LD_RUNPATH_SEARCH_PATHS = "$(inherited) @executable_path/Frameworks @loader_path/Frameworks";
				PRODUCT_BUNDLE_IDENTIFIER = Nick.TipCalcUITests;
				PRODUCT_NAME = "$(TARGET_NAME)";
				SWIFT_VERSION = 3.0;
				TEST_TARGET_NAME = TipCalc;
			};
			name = Debug;
		};
		27DEFA961E678077009B0D54 /* Release */ = {
			isa = XCBuildConfiguration;
			buildSettings = {
				ALWAYS_EMBED_SWIFT_STANDARD_LIBRARIES = YES;
				INFOPLIST_FILE = TipCalcUITests/Info.plist;
				LD_RUNPATH_SEARCH_PATHS = "$(inherited) @executable_path/Frameworks @loader_path/Frameworks";
				PRODUCT_BUNDLE_IDENTIFIER = Nick.TipCalcUITests;
				PRODUCT_NAME = "$(TARGET_NAME)";
				SWIFT_VERSION = 3.0;
				TEST_TARGET_NAME = TipCalc;
			};
			name = Release;
		};
/* End XCBuildConfiguration section */

/* Begin XCConfigurationList section */
		27DEFA611E678076009B0D54 /* Build configuration list for PBXProject "TipCalc" */ = {
			isa = XCConfigurationList;
			buildConfigurations = (
				27DEFA8C1E678077009B0D54 /* Debug */,
				27DEFA8D1E678077009B0D54 /* Release */,
			);
			defaultConfigurationIsVisible = 0;
			defaultConfigurationName = Release;
		};
		27DEFA8E1E678077009B0D54 /* Build configuration list for PBXNativeTarget "TipCalc" */ = {
			isa = XCConfigurationList;
			buildConfigurations = (
				27DEFA8F1E678077009B0D54 /* Debug */,
				27DEFA901E678077009B0D54 /* Release */,
			);
			defaultConfigurationIsVisible = 0;
			defaultConfigurationName = Release;
		};
		27DEFA911E678077009B0D54 /* Build configuration list for PBXNativeTarget "TipCalcTests" */ = {
			isa = XCConfigurationList;
			buildConfigurations = (
				27DEFA921E678077009B0D54 /* Debug */,
				27DEFA931E678077009B0D54 /* Release */,
			);
			defaultConfigurationIsVisible = 0;
			defaultConfigurationName = Release;
		};
		27DEFA941E678077009B0D54 /* Build configuration list for PBXNativeTarget "TipCalcUITests" */ = {
			isa = XCConfigurationList;
			buildConfigurations = (
				27DEFA951E678077009B0D54 /* Debug */,
				27DEFA961E678077009B0D54 /* Release */,
			);
			defaultConfigurationIsVisible = 0;
			defaultConfigurationName = Release;
		};
/* End XCConfigurationList section */
	};
	rootObject = 27DEFA5E1E678076009B0D54 /* Project object */;
}
